// !$*UTF8*$!
{
	archiveVersion = 1;
	classes = {
	};
	objectVersion = 50;
	objects = {

/* Begin PBXBuildFile section */
		B7BA828B23870B6D00CDC0C9 /* AppDelegate.swift in Sources */ = {isa = PBXBuildFile; fileRef = B7BA828A23870B6D00CDC0C9 /* AppDelegate.swift */; };
		B7BA828D23870B6D00CDC0C9 /* SceneDelegate.swift in Sources */ = {isa = PBXBuildFile; fileRef = B7BA828C23870B6D00CDC0C9 /* SceneDelegate.swift */; };
		B7BA828F23870B6D00CDC0C9 /* ViewController.swift in Sources */ = {isa = PBXBuildFile; fileRef = B7BA828E23870B6D00CDC0C9 /* ViewController.swift */; };
		B7BA829223870B6D00CDC0C9 /* Main.storyboard in Resources */ = {isa = PBXBuildFile; fileRef = B7BA829023870B6D00CDC0C9 /* Main.storyboard */; };
		B7BA829423870B7000CDC0C9 /* Assets.xcassets in Resources */ = {isa = PBXBuildFile; fileRef = B7BA829323870B7000CDC0C9 /* Assets.xcassets */; };
		B7BA829723870B7000CDC0C9 /* LaunchScreen.storyboard in Resources */ = {isa = PBXBuildFile; fileRef = B7BA829523870B7000CDC0C9 /* LaunchScreen.storyboard */; };
		B7BA82A223870B7100CDC0C9 /* StarsOfGithubTests.swift in Sources */ = {isa = PBXBuildFile; fileRef = B7BA82A123870B7100CDC0C9 /* StarsOfGithubTests.swift */; };
		B7BA82AD23870B7100CDC0C9 /* StarsOfGithubUITests.swift in Sources */ = {isa = PBXBuildFile; fileRef = B7BA82AC23870B7100CDC0C9 /* StarsOfGithubUITests.swift */; };
/* End PBXBuildFile section */

/* Begin PBXContainerItemProxy section */
		B7BA829E23870B7100CDC0C9 /* PBXContainerItemProxy */ = {
			isa = PBXContainerItemProxy;
			containerPortal = B7BA827F23870B6C00CDC0C9 /* Project object */;
			proxyType = 1;
			remoteGlobalIDString = B7BA828623870B6D00CDC0C9;
			remoteInfo = StarsOfGithub;
		};
		B7BA82A923870B7100CDC0C9 /* PBXContainerItemProxy */ = {
			isa = PBXContainerItemProxy;
			containerPortal = B7BA827F23870B6C00CDC0C9 /* Project object */;
			proxyType = 1;
			remoteGlobalIDString = B7BA828623870B6D00CDC0C9;
			remoteInfo = StarsOfGithub;
		};
/* End PBXContainerItemProxy section */

/* Begin PBXFileReference section */
		B7BA828723870B6D00CDC0C9 /* StarsOfGithub.app */ = {isa = PBXFileReference; explicitFileType = wrapper.application; includeInIndex = 0; path = StarsOfGithub.app; sourceTree = BUILT_PRODUCTS_DIR; };
		B7BA828A23870B6D00CDC0C9 /* AppDelegate.swift */ = {isa = PBXFileReference; lastKnownFileType = sourcecode.swift; path = AppDelegate.swift; sourceTree = "<group>"; };
		B7BA828C23870B6D00CDC0C9 /* SceneDelegate.swift */ = {isa = PBXFileReference; lastKnownFileType = sourcecode.swift; path = SceneDelegate.swift; sourceTree = "<group>"; };
		B7BA828E23870B6D00CDC0C9 /* ViewController.swift */ = {isa = PBXFileReference; lastKnownFileType = sourcecode.swift; path = ViewController.swift; sourceTree = "<group>"; };
		B7BA829123870B6D00CDC0C9 /* Base */ = {isa = PBXFileReference; lastKnownFileType = file.storyboard; name = Base; path = Base.lproj/Main.storyboard; sourceTree = "<group>"; };
		B7BA829323870B7000CDC0C9 /* Assets.xcassets */ = {isa = PBXFileReference; lastKnownFileType = folder.assetcatalog; path = Assets.xcassets; sourceTree = "<group>"; };
		B7BA829623870B7000CDC0C9 /* Base */ = {isa = PBXFileReference; lastKnownFileType = file.storyboard; name = Base; path = Base.lproj/LaunchScreen.storyboard; sourceTree = "<group>"; };
		B7BA829823870B7000CDC0C9 /* Info.plist */ = {isa = PBXFileReference; lastKnownFileType = text.plist.xml; path = Info.plist; sourceTree = "<group>"; };
		B7BA829D23870B7100CDC0C9 /* StarsOfGithubTests.xctest */ = {isa = PBXFileReference; explicitFileType = wrapper.cfbundle; includeInIndex = 0; path = StarsOfGithubTests.xctest; sourceTree = BUILT_PRODUCTS_DIR; };
		B7BA82A123870B7100CDC0C9 /* StarsOfGithubTests.swift */ = {isa = PBXFileReference; lastKnownFileType = sourcecode.swift; path = StarsOfGithubTests.swift; sourceTree = "<group>"; };
		B7BA82A323870B7100CDC0C9 /* Info.plist */ = {isa = PBXFileReference; lastKnownFileType = text.plist.xml; path = Info.plist; sourceTree = "<group>"; };
		B7BA82A823870B7100CDC0C9 /* StarsOfGithubUITests.xctest */ = {isa = PBXFileReference; explicitFileType = wrapper.cfbundle; includeInIndex = 0; path = StarsOfGithubUITests.xctest; sourceTree = BUILT_PRODUCTS_DIR; };
		B7BA82AC23870B7100CDC0C9 /* StarsOfGithubUITests.swift */ = {isa = PBXFileReference; lastKnownFileType = sourcecode.swift; path = StarsOfGithubUITests.swift; sourceTree = "<group>"; };
		B7BA82AE23870B7100CDC0C9 /* Info.plist */ = {isa = PBXFileReference; lastKnownFileType = text.plist.xml; path = Info.plist; sourceTree = "<group>"; };
/* End PBXFileReference section */

/* Begin PBXFrameworksBuildPhase section */
		B7BA828423870B6D00CDC0C9 /* Frameworks */ = {
			isa = PBXFrameworksBuildPhase;
			buildActionMask = 2147483647;
			files = (
			);
			runOnlyForDeploymentPostprocessing = 0;
		};
		B7BA829A23870B7100CDC0C9 /* Frameworks */ = {
			isa = PBXFrameworksBuildPhase;
			buildActionMask = 2147483647;
			files = (
			);
			runOnlyForDeploymentPostprocessing = 0;
		};
		B7BA82A523870B7100CDC0C9 /* Frameworks */ = {
			isa = PBXFrameworksBuildPhase;
			buildActionMask = 2147483647;
			files = (
			);
			runOnlyForDeploymentPostprocessing = 0;
		};
/* End PBXFrameworksBuildPhase section */

/* Begin PBXGroup section */
		B7BA827E23870B6C00CDC0C9 = {
			isa = PBXGroup;
			children = (
				B7BA828923870B6D00CDC0C9 /* StarsOfGithub */,
				B7BA82A023870B7100CDC0C9 /* StarsOfGithubTests */,
				B7BA82AB23870B7100CDC0C9 /* StarsOfGithubUITests */,
				B7BA828823870B6D00CDC0C9 /* Products */,
			);
			sourceTree = "<group>";
		};
		B7BA828823870B6D00CDC0C9 /* Products */ = {
			isa = PBXGroup;
			children = (
				B7BA828723870B6D00CDC0C9 /* StarsOfGithub.app */,
				B7BA829D23870B7100CDC0C9 /* StarsOfGithubTests.xctest */,
				B7BA82A823870B7100CDC0C9 /* StarsOfGithubUITests.xctest */,
			);
			name = Products;
			sourceTree = "<group>";
		};
		B7BA828923870B6D00CDC0C9 /* StarsOfGithub */ = {
			isa = PBXGroup;
			children = (
				B7BA828A23870B6D00CDC0C9 /* AppDelegate.swift */,
				B7BA828C23870B6D00CDC0C9 /* SceneDelegate.swift */,
				B7BA828E23870B6D00CDC0C9 /* ViewController.swift */,
				B7BA829023870B6D00CDC0C9 /* Main.storyboard */,
				B7BA829323870B7000CDC0C9 /* Assets.xcassets */,
				B7BA829523870B7000CDC0C9 /* LaunchScreen.storyboard */,
				B7BA829823870B7000CDC0C9 /* Info.plist */,
			);
			path = StarsOfGithub;
			sourceTree = "<group>";
		};
		B7BA82A023870B7100CDC0C9 /* StarsOfGithubTests */ = {
			isa = PBXGroup;
			children = (
				B7BA82A123870B7100CDC0C9 /* StarsOfGithubTests.swift */,
				B7BA82A323870B7100CDC0C9 /* Info.plist */,
			);
			path = StarsOfGithubTests;
			sourceTree = "<group>";
		};
		B7BA82AB23870B7100CDC0C9 /* StarsOfGithubUITests */ = {
			isa = PBXGroup;
			children = (
				B7BA82AC23870B7100CDC0C9 /* StarsOfGithubUITests.swift */,
				B7BA82AE23870B7100CDC0C9 /* Info.plist */,
			);
			path = StarsOfGithubUITests;
			sourceTree = "<group>";
		};
/* End PBXGroup section */

/* Begin PBXNativeTarget section */
		B7BA828623870B6D00CDC0C9 /* StarsOfGithub */ = {
			isa = PBXNativeTarget;
			buildConfigurationList = B7BA82B123870B7100CDC0C9 /* Build configuration list for PBXNativeTarget "StarsOfGithub" */;
			buildPhases = (
				B7BA828323870B6D00CDC0C9 /* Sources */,
				B7BA828423870B6D00CDC0C9 /* Frameworks */,
				B7BA828523870B6D00CDC0C9 /* Resources */,
			);
			buildRules = (
			);
			dependencies = (
			);
			name = StarsOfGithub;
			productName = StarsOfGithub;
			productReference = B7BA828723870B6D00CDC0C9 /* StarsOfGithub.app */;
			productType = "com.apple.product-type.application";
		};
		B7BA829C23870B7100CDC0C9 /* StarsOfGithubTests */ = {
			isa = PBXNativeTarget;
			buildConfigurationList = B7BA82B423870B7100CDC0C9 /* Build configuration list for PBXNativeTarget "StarsOfGithubTests" */;
			buildPhases = (
				B7BA829923870B7100CDC0C9 /* Sources */,
				B7BA829A23870B7100CDC0C9 /* Frameworks */,
				B7BA829B23870B7100CDC0C9 /* Resources */,
			);
			buildRules = (
			);
			dependencies = (
				B7BA829F23870B7100CDC0C9 /* PBXTargetDependency */,
			);
			name = StarsOfGithubTests;
			productName = StarsOfGithubTests;
			productReference = B7BA829D23870B7100CDC0C9 /* StarsOfGithubTests.xctest */;
			productType = "com.apple.product-type.bundle.unit-test";
		};
		B7BA82A723870B7100CDC0C9 /* StarsOfGithubUITests */ = {
			isa = PBXNativeTarget;
			buildConfigurationList = B7BA82B723870B7100CDC0C9 /* Build configuration list for PBXNativeTarget "StarsOfGithubUITests" */;
			buildPhases = (
				B7BA82A423870B7100CDC0C9 /* Sources */,
				B7BA82A523870B7100CDC0C9 /* Frameworks */,
				B7BA82A623870B7100CDC0C9 /* Resources */,
			);
			buildRules = (
			);
			dependencies = (
				B7BA82AA23870B7100CDC0C9 /* PBXTargetDependency */,
			);
			name = StarsOfGithubUITests;
			productName = StarsOfGithubUITests;
			productReference = B7BA82A823870B7100CDC0C9 /* StarsOfGithubUITests.xctest */;
			productType = "com.apple.product-type.bundle.ui-testing";
		};
/* End PBXNativeTarget section */

/* Begin PBXProject section */
		B7BA827F23870B6C00CDC0C9 /* Project object */ = {
			isa = PBXProject;
			attributes = {
				LastSwiftUpdateCheck = 1110;
				LastUpgradeCheck = 1110;
				ORGANIZATIONNAME = "Willian Pinho";
				TargetAttributes = {
					B7BA828623870B6D00CDC0C9 = {
						CreatedOnToolsVersion = 11.1;
					};
					B7BA829C23870B7100CDC0C9 = {
						CreatedOnToolsVersion = 11.1;
						TestTargetID = B7BA828623870B6D00CDC0C9;
					};
					B7BA82A723870B7100CDC0C9 = {
						CreatedOnToolsVersion = 11.1;
						TestTargetID = B7BA828623870B6D00CDC0C9;
					};
				};
			};
			buildConfigurationList = B7BA828223870B6C00CDC0C9 /* Build configuration list for PBXProject "StarsOfGithub" */;
			compatibilityVersion = "Xcode 9.3";
			developmentRegion = en;
			hasScannedForEncodings = 0;
			knownRegions = (
				en,
				Base,
			);
			mainGroup = B7BA827E23870B6C00CDC0C9;
			productRefGroup = B7BA828823870B6D00CDC0C9 /* Products */;
			projectDirPath = "";
			projectRoot = "";
			targets = (
				B7BA828623870B6D00CDC0C9 /* StarsOfGithub */,
				B7BA829C23870B7100CDC0C9 /* StarsOfGithubTests */,
				B7BA82A723870B7100CDC0C9 /* StarsOfGithubUITests */,
			);
		};
/* End PBXProject section */

/* Begin PBXResourcesBuildPhase section */
		B7BA828523870B6D00CDC0C9 /* Resources */ = {
			isa = PBXResourcesBuildPhase;
			buildActionMask = 2147483647;
			files = (
				B7BA829723870B7000CDC0C9 /* LaunchScreen.storyboard in Resources */,
				B7BA829423870B7000CDC0C9 /* Assets.xcassets in Resources */,
				B7BA829223870B6D00CDC0C9 /* Main.storyboard in Resources */,
			);
			runOnlyForDeploymentPostprocessing = 0;
		};
		B7BA829B23870B7100CDC0C9 /* Resources */ = {
			isa = PBXResourcesBuildPhase;
			buildActionMask = 2147483647;
			files = (
			);
			runOnlyForDeploymentPostprocessing = 0;
		};
		B7BA82A623870B7100CDC0C9 /* Resources */ = {
			isa = PBXResourcesBuildPhase;
			buildActionMask = 2147483647;
			files = (
			);
			runOnlyForDeploymentPostprocessing = 0;
		};
/* End PBXResourcesBuildPhase section */

/* Begin PBXSourcesBuildPhase section */
		B7BA828323870B6D00CDC0C9 /* Sources */ = {
			isa = PBXSourcesBuildPhase;
			buildActionMask = 2147483647;
			files = (
				B7BA828F23870B6D00CDC0C9 /* ViewController.swift in Sources */,
				B7BA828B23870B6D00CDC0C9 /* AppDelegate.swift in Sources */,
				B7BA828D23870B6D00CDC0C9 /* SceneDelegate.swift in Sources */,
			);
			runOnlyForDeploymentPostprocessing = 0;
		};
		B7BA829923870B7100CDC0C9 /* Sources */ = {
			isa = PBXSourcesBuildPhase;
			buildActionMask = 2147483647;
			files = (
				B7BA82A223870B7100CDC0C9 /* StarsOfGithubTests.swift in Sources */,
			);
			runOnlyForDeploymentPostprocessing = 0;
		};
		B7BA82A423870B7100CDC0C9 /* Sources */ = {
			isa = PBXSourcesBuildPhase;
			buildActionMask = 2147483647;
			files = (
				B7BA82AD23870B7100CDC0C9 /* StarsOfGithubUITests.swift in Sources */,
			);
			runOnlyForDeploymentPostprocessing = 0;
		};
/* End PBXSourcesBuildPhase section */

/* Begin PBXTargetDependency section */
		B7BA829F23870B7100CDC0C9 /* PBXTargetDependency */ = {
			isa = PBXTargetDependency;
			target = B7BA828623870B6D00CDC0C9 /* StarsOfGithub */;
			targetProxy = B7BA829E23870B7100CDC0C9 /* PBXContainerItemProxy */;
		};
		B7BA82AA23870B7100CDC0C9 /* PBXTargetDependency */ = {
			isa = PBXTargetDependency;
			target = B7BA828623870B6D00CDC0C9 /* StarsOfGithub */;
			targetProxy = B7BA82A923870B7100CDC0C9 /* PBXContainerItemProxy */;
		};
/* End PBXTargetDependency section */

/* Begin PBXVariantGroup section */
		B7BA829023870B6D00CDC0C9 /* Main.storyboard */ = {
			isa = PBXVariantGroup;
			children = (
				B7BA829123870B6D00CDC0C9 /* Base */,
			);
			name = Main.storyboard;
			sourceTree = "<group>";
		};
		B7BA829523870B7000CDC0C9 /* LaunchScreen.storyboard */ = {
			isa = PBXVariantGroup;
			children = (
				B7BA829623870B7000CDC0C9 /* Base */,
			);
			name = LaunchScreen.storyboard;
			sourceTree = "<group>";
		};
/* End PBXVariantGroup section */

/* Begin XCBuildConfiguration section */
		B7BA82AF23870B7100CDC0C9 /* Debug */ = {
			isa = XCBuildConfiguration;
			buildSettings = {
				ALWAYS_SEARCH_USER_PATHS = NO;
				CLANG_ANALYZER_NONNULL = YES;
				CLANG_ANALYZER_NUMBER_OBJECT_CONVERSION = YES_AGGRESSIVE;
				CLANG_CXX_LANGUAGE_STANDARD = "gnu++14";
				CLANG_CXX_LIBRARY = "libc++";
				CLANG_ENABLE_MODULES = YES;
				CLANG_ENABLE_OBJC_ARC = YES;
				CLANG_ENABLE_OBJC_WEAK = YES;
				CLANG_WARN_BLOCK_CAPTURE_AUTORELEASING = YES;
				CLANG_WARN_BOOL_CONVERSION = YES;
				CLANG_WARN_COMMA = YES;
				CLANG_WARN_CONSTANT_CONVERSION = YES;
				CLANG_WARN_DEPRECATED_OBJC_IMPLEMENTATIONS = YES;
				CLANG_WARN_DIRECT_OBJC_ISA_USAGE = YES_ERROR;
				CLANG_WARN_DOCUMENTATION_COMMENTS = YES;
				CLANG_WARN_EMPTY_BODY = YES;
				CLANG_WARN_ENUM_CONVERSION = YES;
				CLANG_WARN_INFINITE_RECURSION = YES;
				CLANG_WARN_INT_CONVERSION = YES;
				CLANG_WARN_NON_LITERAL_NULL_CONVERSION = YES;
				CLANG_WARN_OBJC_IMPLICIT_RETAIN_SELF = YES;
				CLANG_WARN_OBJC_LITERAL_CONVERSION = YES;
				CLANG_WARN_OBJC_ROOT_CLASS = YES_ERROR;
				CLANG_WARN_RANGE_LOOP_ANALYSIS = YES;
				CLANG_WARN_STRICT_PROTOTYPES = YES;
				CLANG_WARN_SUSPICIOUS_MOVE = YES;
				CLANG_WARN_UNGUARDED_AVAILABILITY = YES_AGGRESSIVE;
				CLANG_WARN_UNREACHABLE_CODE = YES;
				CLANG_WARN__DUPLICATE_METHOD_MATCH = YES;
				COPY_PHASE_STRIP = NO;
				DEBUG_INFORMATION_FORMAT = dwarf;
				ENABLE_STRICT_OBJC_MSGSEND = YES;
				ENABLE_TESTABILITY = YES;
				GCC_C_LANGUAGE_STANDARD = gnu11;
				GCC_DYNAMIC_NO_PIC = NO;
				GCC_NO_COMMON_BLOCKS = YES;
				GCC_OPTIMIZATION_LEVEL = 0;
				GCC_PREPROCESSOR_DEFINITIONS = (
					"DEBUG=1",
					"$(inherited)",
				);
				GCC_WARN_64_TO_32_BIT_CONVERSION = YES;
				GCC_WARN_ABOUT_RETURN_TYPE = YES_ERROR;
				GCC_WARN_UNDECLARED_SELECTOR = YES;
				GCC_WARN_UNINITIALIZED_AUTOS = YES_AGGRESSIVE;
				GCC_WARN_UNUSED_FUNCTION = YES;
				GCC_WARN_UNUSED_VARIABLE = YES;
				IPHONEOS_DEPLOYMENT_TARGET = 13.1;
				MTL_ENABLE_DEBUG_INFO = INCLUDE_SOURCE;
				MTL_FAST_MATH = YES;
				ONLY_ACTIVE_ARCH = YES;
				SDKROOT = iphoneos;
				SWIFT_ACTIVE_COMPILATION_CONDITIONS = DEBUG;
				SWIFT_OPTIMIZATION_LEVEL = "-Onone";
			};
			name = Debug;
		};
		B7BA82B023870B7100CDC0C9 /* Release */ = {
			isa = XCBuildConfiguration;
			buildSettings = {
				ALWAYS_SEARCH_USER_PATHS = NO;
				CLANG_ANALYZER_NONNULL = YES;
				CLANG_ANALYZER_NUMBER_OBJECT_CONVERSION = YES_AGGRESSIVE;
				CLANG_CXX_LANGUAGE_STANDARD = "gnu++14";
				CLANG_CXX_LIBRARY = "libc++";
				CLANG_ENABLE_MODULES = YES;
				CLANG_ENABLE_OBJC_ARC = YES;
				CLANG_ENABLE_OBJC_WEAK = YES;
				CLANG_WARN_BLOCK_CAPTURE_AUTORELEASING = YES;
				CLANG_WARN_BOOL_CONVERSION = YES;
				CLANG_WARN_COMMA = YES;
				CLANG_WARN_CONSTANT_CONVERSION = YES;
				CLANG_WARN_DEPRECATED_OBJC_IMPLEMENTATIONS = YES;
				CLANG_WARN_DIRECT_OBJC_ISA_USAGE = YES_ERROR;
				CLANG_WARN_DOCUMENTATION_COMMENTS = YES;
				CLANG_WARN_EMPTY_BODY = YES;
				CLANG_WARN_ENUM_CONVERSION = YES;
				CLANG_WARN_INFINITE_RECURSION = YES;
				CLANG_WARN_INT_CONVERSION = YES;
				CLANG_WARN_NON_LITERAL_NULL_CONVERSION = YES;
				CLANG_WARN_OBJC_IMPLICIT_RETAIN_SELF = YES;
				CLANG_WARN_OBJC_LITERAL_CONVERSION = YES;
				CLANG_WARN_OBJC_ROOT_CLASS = YES_ERROR;
				CLANG_WARN_RANGE_LOOP_ANALYSIS = YES;
				CLANG_WARN_STRICT_PROTOTYPES = YES;
				CLANG_WARN_SUSPICIOUS_MOVE = YES;
				CLANG_WARN_UNGUARDED_AVAILABILITY = YES_AGGRESSIVE;
				CLANG_WARN_UNREACHABLE_CODE = YES;
				CLANG_WARN__DUPLICATE_METHOD_MATCH = YES;
				COPY_PHASE_STRIP = NO;
				DEBUG_INFORMATION_FORMAT = "dwarf-with-dsym";
				ENABLE_NS_ASSERTIONS = NO;
				ENABLE_STRICT_OBJC_MSGSEND = YES;
				GCC_C_LANGUAGE_STANDARD = gnu11;
				GCC_NO_COMMON_BLOCKS = YES;
				GCC_WARN_64_TO_32_BIT_CONVERSION = YES;
				GCC_WARN_ABOUT_RETURN_TYPE = YES_ERROR;
				GCC_WARN_UNDECLARED_SELECTOR = YES;
				GCC_WARN_UNINITIALIZED_AUTOS = YES_AGGRESSIVE;
				GCC_WARN_UNUSED_FUNCTION = YES;
				GCC_WARN_UNUSED_VARIABLE = YES;
				IPHONEOS_DEPLOYMENT_TARGET = 13.1;
				MTL_ENABLE_DEBUG_INFO = NO;
				MTL_FAST_MATH = YES;
				SDKROOT = iphoneos;
				SWIFT_COMPILATION_MODE = wholemodule;
				SWIFT_OPTIMIZATION_LEVEL = "-O";
				VALIDATE_PRODUCT = YES;
			};
			name = Release;
		};
		B7BA82B223870B7100CDC0C9 /* Debug */ = {
			isa = XCBuildConfiguration;
			buildSettings = {
				ASSETCATALOG_COMPILER_APPICON_NAME = AppIcon;
				CODE_SIGN_STYLE = Automatic;
				DEVELOPMENT_TEAM = UT4W7MMEML;
				INFOPLIST_FILE = StarsOfGithub/Info.plist;
				LD_RUNPATH_SEARCH_PATHS = (
					"$(inherited)",
					"@executable_path/Frameworks",
				);
				PRODUCT_BUNDLE_IDENTIFIER = com.willianpinho.StarsOfGithub;
				PRODUCT_NAME = "$(TARGET_NAME)";
				SWIFT_VERSION = 5.0;
				TARGETED_DEVICE_FAMILY = "1,2";
			};
			name = Debug;
		};
		B7BA82B323870B7100CDC0C9 /* Release */ = {
			isa = XCBuildConfiguration;
			buildSettings = {
				ASSETCATALOG_COMPILER_APPICON_NAME = AppIcon;
				CODE_SIGN_STYLE = Automatic;
				DEVELOPMENT_TEAM = UT4W7MMEML;
				INFOPLIST_FILE = StarsOfGithub/Info.plist;
				LD_RUNPATH_SEARCH_PATHS = (
					"$(inherited)",
					"@executable_path/Frameworks",
				);
				PRODUCT_BUNDLE_IDENTIFIER = com.willianpinho.StarsOfGithub;
				PRODUCT_NAME = "$(TARGET_NAME)";
				SWIFT_VERSION = 5.0;
				TARGETED_DEVICE_FAMILY = "1,2";
			};
			name = Release;
		};
		B7BA82B523870B7100CDC0C9 /* Debug */ = {
			isa = XCBuildConfiguration;
			buildSettings = {
				ALWAYS_EMBED_SWIFT_STANDARD_LIBRARIES = YES;
				BUNDLE_LOADER = "$(TEST_HOST)";
				CODE_SIGN_STYLE = Automatic;
				DEVELOPMENT_TEAM = UT4W7MMEML;
				INFOPLIST_FILE = StarsOfGithubTests/Info.plist;
				IPHONEOS_DEPLOYMENT_TARGET = 13.1;
				LD_RUNPATH_SEARCH_PATHS = (
					"$(inherited)",
					"@executable_path/Frameworks",
					"@loader_path/Frameworks",
				);
				PRODUCT_BUNDLE_IDENTIFIER = com.willianpinho.StarsOfGithubTests;
				PRODUCT_NAME = "$(TARGET_NAME)";
				SWIFT_VERSION = 5.0;
				TARGETED_DEVICE_FAMILY = "1,2";
				TEST_HOST = "$(BUILT_PRODUCTS_DIR)/StarsOfGithub.app/StarsOfGithub";
			};
			name = Debug;
		};
		B7BA82B623870B7100CDC0C9 /* Release */ = {
			isa = XCBuildConfiguration;
			buildSettings = {
				ALWAYS_EMBED_SWIFT_STANDARD_LIBRARIES = YES;
				BUNDLE_LOADER = "$(TEST_HOST)";
				CODE_SIGN_STYLE = Automatic;
				DEVELOPMENT_TEAM = UT4W7MMEML;
				INFOPLIST_FILE = StarsOfGithubTests/Info.plist;
				IPHONEOS_DEPLOYMENT_TARGET = 13.1;
				LD_RUNPATH_SEARCH_PATHS = (
					"$(inherited)",
					"@executable_path/Frameworks",
					"@loader_path/Frameworks",
				);
				PRODUCT_BUNDLE_IDENTIFIER = com.willianpinho.StarsOfGithubTests;
				PRODUCT_NAME = "$(TARGET_NAME)";
				SWIFT_VERSION = 5.0;
				TARGETED_DEVICE_FAMILY = "1,2";
				TEST_HOST = "$(BUILT_PRODUCTS_DIR)/StarsOfGithub.app/StarsOfGithub";
			};
			name = Release;
		};
		B7BA82B823870B7100CDC0C9 /* Debug */ = {
			isa = XCBuildConfiguration;
			buildSettings = {
				ALWAYS_EMBED_SWIFT_STANDARD_LIBRARIES = YES;
				CODE_SIGN_STYLE = Automatic;
				DEVELOPMENT_TEAM = UT4W7MMEML;
				INFOPLIST_FILE = StarsOfGithubUITests/Info.plist;
				LD_RUNPATH_SEARCH_PATHS = (
					"$(inherited)",
					"@executable_path/Frameworks",
					"@loader_path/Frameworks",
				);
				PRODUCT_BUNDLE_IDENTIFIER = com.willianpinho.StarsOfGithubUITests;
				PRODUCT_NAME = "$(TARGET_NAME)";
				SWIFT_VERSION = 5.0;
				TARGETED_DEVICE_FAMILY = "1,2";
				TEST_TARGET_NAME = StarsOfGithub;
			};
			name = Debug;
		};
		B7BA82B923870B7100CDC0C9 /* Release */ = {
			isa = XCBuildConfiguration;
			buildSettings = {
				ALWAYS_EMBED_SWIFT_STANDARD_LIBRARIES = YES;
				CODE_SIGN_STYLE = Automatic;
				DEVELOPMENT_TEAM = UT4W7MMEML;
				INFOPLIST_FILE = StarsOfGithubUITests/Info.plist;
				LD_RUNPATH_SEARCH_PATHS = (
					"$(inherited)",
					"@executable_path/Frameworks",
					"@loader_path/Frameworks",
				);
				PRODUCT_BUNDLE_IDENTIFIER = com.willianpinho.StarsOfGithubUITests;
				PRODUCT_NAME = "$(TARGET_NAME)";
				SWIFT_VERSION = 5.0;
				TARGETED_DEVICE_FAMILY = "1,2";
				TEST_TARGET_NAME = StarsOfGithub;
			};
			name = Release;
		};
/* End XCBuildConfiguration section */

/* Begin XCConfigurationList section */
		B7BA828223870B6C00CDC0C9 /* Build configuration list for PBXProject "StarsOfGithub" */ = {
			isa = XCConfigurationList;
			buildConfigurations = (
				B7BA82AF23870B7100CDC0C9 /* Debug */,
				B7BA82B023870B7100CDC0C9 /* Release */,
			);
			defaultConfigurationIsVisible = 0;
			defaultConfigurationName = Release;
		};
		B7BA82B123870B7100CDC0C9 /* Build configuration list for PBXNativeTarget "StarsOfGithub" */ = {
			isa = XCConfigurationList;
			buildConfigurations = (
				B7BA82B223870B7100CDC0C9 /* Debug */,
				B7BA82B323870B7100CDC0C9 /* Release */,
			);
			defaultConfigurationIsVisible = 0;
			defaultConfigurationName = Release;
		};
		B7BA82B423870B7100CDC0C9 /* Build configuration list for PBXNativeTarget "StarsOfGithubTests" */ = {
			isa = XCConfigurationList;
			buildConfigurations = (
				B7BA82B523870B7100CDC0C9 /* Debug */,
				B7BA82B623870B7100CDC0C9 /* Release */,
			);
			defaultConfigurationIsVisible = 0;
			defaultConfigurationName = Release;
		};
		B7BA82B723870B7100CDC0C9 /* Build configuration list for PBXNativeTarget "StarsOfGithubUITests" */ = {
			isa = XCConfigurationList;
			buildConfigurations = (
				B7BA82B823870B7100CDC0C9 /* Debug */,
				B7BA82B923870B7100CDC0C9 /* Release */,
			);
			defaultConfigurationIsVisible = 0;
			defaultConfigurationName = Release;
		};
/* End XCConfigurationList section */
	};
	rootObject = B7BA827F23870B6C00CDC0C9 /* Project object */;
}
