// !$*UTF8*$!
{
	archiveVersion = 1;
	classes = {
	};
	objectVersion = 50;
	objects = {

/* Begin PBXBuildFile section */
		101560FA3764B29915941A9D /* Pods_StarsOfGithub.framework in Frameworks */ = {isa = PBXBuildFile; fileRef = 780E9A875D0C9AEAAA1CF286 /* Pods_StarsOfGithub.framework */; };
		4931CF609E8390757B791F78 /* Pods_StarsOfGithub_StarsOfGithubUITests.framework in Frameworks */ = {isa = PBXBuildFile; fileRef = 8EF8CF80BDF3CF97FFFF095D /* Pods_StarsOfGithub_StarsOfGithubUITests.framework */; };
		6D4910224D482345B4695D62 /* Pods_StarsOfGithubTests.framework in Frameworks */ = {isa = PBXBuildFile; fileRef = 2B7434FE1B7398761B649BF9 /* Pods_StarsOfGithubTests.framework */; };
		B77A5CA3238736C4005C3DCC /* RepositoryTableViewCell.swift in Sources */ = {isa = PBXBuildFile; fileRef = B77A5CA2238736C3005C3DCC /* RepositoryTableViewCell.swift */; };
		B7A62A60238757D900BC7492 /* NSLayoutConstraint.swift in Sources */ = {isa = PBXBuildFile; fileRef = B7A62A5F238757D900BC7492 /* NSLayoutConstraint.swift */; };
		B7BA828B23870B6D00CDC0C9 /* AppDelegate.swift in Sources */ = {isa = PBXBuildFile; fileRef = B7BA828A23870B6D00CDC0C9 /* AppDelegate.swift */; };
		B7BA828D23870B6D00CDC0C9 /* SceneDelegate.swift in Sources */ = {isa = PBXBuildFile; fileRef = B7BA828C23870B6D00CDC0C9 /* SceneDelegate.swift */; };
		B7BA829423870B7000CDC0C9 /* Assets.xcassets in Resources */ = {isa = PBXBuildFile; fileRef = B7BA829323870B7000CDC0C9 /* Assets.xcassets */; };
		B7BA82A223870B7100CDC0C9 /* StarsOfGithubTests.swift in Sources */ = {isa = PBXBuildFile; fileRef = B7BA82A123870B7100CDC0C9 /* StarsOfGithubTests.swift */; };
		B7BA82AD23870B7100CDC0C9 /* StarsOfGithubUITests.swift in Sources */ = {isa = PBXBuildFile; fileRef = B7BA82AC23870B7100CDC0C9 /* StarsOfGithubUITests.swift */; };
		B7BA82C423870BC800CDC0C9 /* RepositoriesMemoryAPI.swift in Sources */ = {isa = PBXBuildFile; fileRef = B7BA82BC23870BC800CDC0C9 /* RepositoriesMemoryAPI.swift */; };
		B7BA82C523870BC800CDC0C9 /* RepositoriesPresenter.swift in Sources */ = {isa = PBXBuildFile; fileRef = B7BA82BD23870BC800CDC0C9 /* RepositoriesPresenter.swift */; };
		B7BA82C623870BC800CDC0C9 /* RepositoriesWorker.swift in Sources */ = {isa = PBXBuildFile; fileRef = B7BA82BE23870BC800CDC0C9 /* RepositoriesWorker.swift */; };
		B7BA82C723870BC800CDC0C9 /* RepositoriesRouter.swift in Sources */ = {isa = PBXBuildFile; fileRef = B7BA82BF23870BC800CDC0C9 /* RepositoriesRouter.swift */; };
		B7BA82C823870BC800CDC0C9 /* RepositoriesModels.swift in Sources */ = {isa = PBXBuildFile; fileRef = B7BA82C023870BC800CDC0C9 /* RepositoriesModels.swift */; };
		B7BA82C923870BC800CDC0C9 /* RepositoriesViewController.swift in Sources */ = {isa = PBXBuildFile; fileRef = B7BA82C123870BC800CDC0C9 /* RepositoriesViewController.swift */; };
		B7BA82CA23870BC800CDC0C9 /* RepositoriesAPI.swift in Sources */ = {isa = PBXBuildFile; fileRef = B7BA82C223870BC800CDC0C9 /* RepositoriesAPI.swift */; };
		B7BA82CB23870BC800CDC0C9 /* RepositoriesInteractor.swift in Sources */ = {isa = PBXBuildFile; fileRef = B7BA82C323870BC800CDC0C9 /* RepositoriesInteractor.swift */; };
/* End PBXBuildFile section */

/* Begin PBXContainerItemProxy section */
		B7BA829E23870B7100CDC0C9 /* PBXContainerItemProxy */ = {
			isa = PBXContainerItemProxy;
			containerPortal = B7BA827F23870B6C00CDC0C9 /* Project object */;
			proxyType = 1;
			remoteGlobalIDString = B7BA828623870B6D00CDC0C9;
			remoteInfo = StarsOfGithub;
		};
		B7BA82A923870B7100CDC0C9 /* PBXContainerItemProxy */ = {
			isa = PBXContainerItemProxy;
			containerPortal = B7BA827F23870B6C00CDC0C9 /* Project object */;
			proxyType = 1;
			remoteGlobalIDString = B7BA828623870B6D00CDC0C9;
			remoteInfo = StarsOfGithub;
		};
/* End PBXContainerItemProxy section */

/* Begin PBXFileReference section */
		126E8A65FBD76B3B1234065B /* Pods-StarsOfGithub.debug.xcconfig */ = {isa = PBXFileReference; includeInIndex = 1; lastKnownFileType = text.xcconfig; name = "Pods-StarsOfGithub.debug.xcconfig"; path = "Target Support Files/Pods-StarsOfGithub/Pods-StarsOfGithub.debug.xcconfig"; sourceTree = "<group>"; };
		20E3F193A35CD21B06E117C7 /* Pods-StarsOfGithubTests.release.xcconfig */ = {isa = PBXFileReference; includeInIndex = 1; lastKnownFileType = text.xcconfig; name = "Pods-StarsOfGithubTests.release.xcconfig"; path = "Target Support Files/Pods-StarsOfGithubTests/Pods-StarsOfGithubTests.release.xcconfig"; sourceTree = "<group>"; };
		2B7434FE1B7398761B649BF9 /* Pods_StarsOfGithubTests.framework */ = {isa = PBXFileReference; explicitFileType = wrapper.framework; includeInIndex = 0; path = Pods_StarsOfGithubTests.framework; sourceTree = BUILT_PRODUCTS_DIR; };
		688315AFCBF9BED6B133C93E /* Pods-StarsOfGithub-StarsOfGithubUITests.release.xcconfig */ = {isa = PBXFileReference; includeInIndex = 1; lastKnownFileType = text.xcconfig; name = "Pods-StarsOfGithub-StarsOfGithubUITests.release.xcconfig"; path = "Target Support Files/Pods-StarsOfGithub-StarsOfGithubUITests/Pods-StarsOfGithub-StarsOfGithubUITests.release.xcconfig"; sourceTree = "<group>"; };
		780E9A875D0C9AEAAA1CF286 /* Pods_StarsOfGithub.framework */ = {isa = PBXFileReference; explicitFileType = wrapper.framework; includeInIndex = 0; path = Pods_StarsOfGithub.framework; sourceTree = BUILT_PRODUCTS_DIR; };
		8EF8CF80BDF3CF97FFFF095D /* Pods_StarsOfGithub_StarsOfGithubUITests.framework */ = {isa = PBXFileReference; explicitFileType = wrapper.framework; includeInIndex = 0; path = Pods_StarsOfGithub_StarsOfGithubUITests.framework; sourceTree = BUILT_PRODUCTS_DIR; };
		9825159A7F5E84923C462007 /* Pods-StarsOfGithubTests.debug.xcconfig */ = {isa = PBXFileReference; includeInIndex = 1; lastKnownFileType = text.xcconfig; name = "Pods-StarsOfGithubTests.debug.xcconfig"; path = "Target Support Files/Pods-StarsOfGithubTests/Pods-StarsOfGithubTests.debug.xcconfig"; sourceTree = "<group>"; };
		B77A5CA2238736C3005C3DCC /* RepositoryTableViewCell.swift */ = {isa = PBXFileReference; lastKnownFileType = sourcecode.swift; path = RepositoryTableViewCell.swift; sourceTree = "<group>"; };
		B7A62A5F238757D900BC7492 /* NSLayoutConstraint.swift */ = {isa = PBXFileReference; lastKnownFileType = sourcecode.swift; path = NSLayoutConstraint.swift; sourceTree = "<group>"; };
		B7BA828723870B6D00CDC0C9 /* StarsOfGithub.app */ = {isa = PBXFileReference; explicitFileType = wrapper.application; includeInIndex = 0; path = StarsOfGithub.app; sourceTree = BUILT_PRODUCTS_DIR; };
		B7BA828A23870B6D00CDC0C9 /* AppDelegate.swift */ = {isa = PBXFileReference; lastKnownFileType = sourcecode.swift; path = AppDelegate.swift; sourceTree = "<group>"; };
		B7BA828C23870B6D00CDC0C9 /* SceneDelegate.swift */ = {isa = PBXFileReference; lastKnownFileType = sourcecode.swift; path = SceneDelegate.swift; sourceTree = "<group>"; };
		B7BA829323870B7000CDC0C9 /* Assets.xcassets */ = {isa = PBXFileReference; lastKnownFileType = folder.assetcatalog; path = Assets.xcassets; sourceTree = "<group>"; };
		B7BA829823870B7000CDC0C9 /* Info.plist */ = {isa = PBXFileReference; lastKnownFileType = text.plist.xml; path = Info.plist; sourceTree = "<group>"; };
		B7BA829D23870B7100CDC0C9 /* StarsOfGithubTests.xctest */ = {isa = PBXFileReference; explicitFileType = wrapper.cfbundle; includeInIndex = 0; path = StarsOfGithubTests.xctest; sourceTree = BUILT_PRODUCTS_DIR; };
		B7BA82A123870B7100CDC0C9 /* StarsOfGithubTests.swift */ = {isa = PBXFileReference; lastKnownFileType = sourcecode.swift; path = StarsOfGithubTests.swift; sourceTree = "<group>"; };
		B7BA82A323870B7100CDC0C9 /* Info.plist */ = {isa = PBXFileReference; lastKnownFileType = text.plist.xml; path = Info.plist; sourceTree = "<group>"; };
		B7BA82A823870B7100CDC0C9 /* StarsOfGithubUITests.xctest */ = {isa = PBXFileReference; explicitFileType = wrapper.cfbundle; includeInIndex = 0; path = StarsOfGithubUITests.xctest; sourceTree = BUILT_PRODUCTS_DIR; };
		B7BA82AC23870B7100CDC0C9 /* StarsOfGithubUITests.swift */ = {isa = PBXFileReference; lastKnownFileType = sourcecode.swift; path = StarsOfGithubUITests.swift; sourceTree = "<group>"; };
		B7BA82AE23870B7100CDC0C9 /* Info.plist */ = {isa = PBXFileReference; lastKnownFileType = text.plist.xml; path = Info.plist; sourceTree = "<group>"; };
		B7BA82BC23870BC800CDC0C9 /* RepositoriesMemoryAPI.swift */ = {isa = PBXFileReference; lastKnownFileType = sourcecode.swift; path = RepositoriesMemoryAPI.swift; sourceTree = "<group>"; };
		B7BA82BD23870BC800CDC0C9 /* RepositoriesPresenter.swift */ = {isa = PBXFileReference; lastKnownFileType = sourcecode.swift; path = RepositoriesPresenter.swift; sourceTree = "<group>"; };
		B7BA82BE23870BC800CDC0C9 /* RepositoriesWorker.swift */ = {isa = PBXFileReference; lastKnownFileType = sourcecode.swift; path = RepositoriesWorker.swift; sourceTree = "<group>"; };
		B7BA82BF23870BC800CDC0C9 /* RepositoriesRouter.swift */ = {isa = PBXFileReference; lastKnownFileType = sourcecode.swift; path = RepositoriesRouter.swift; sourceTree = "<group>"; };
		B7BA82C023870BC800CDC0C9 /* RepositoriesModels.swift */ = {isa = PBXFileReference; lastKnownFileType = sourcecode.swift; path = RepositoriesModels.swift; sourceTree = "<group>"; };
		B7BA82C123870BC800CDC0C9 /* RepositoriesViewController.swift */ = {isa = PBXFileReference; lastKnownFileType = sourcecode.swift; path = RepositoriesViewController.swift; sourceTree = "<group>"; };
		B7BA82C223870BC800CDC0C9 /* RepositoriesAPI.swift */ = {isa = PBXFileReference; lastKnownFileType = sourcecode.swift; path = RepositoriesAPI.swift; sourceTree = "<group>"; };
		B7BA82C323870BC800CDC0C9 /* RepositoriesInteractor.swift */ = {isa = PBXFileReference; lastKnownFileType = sourcecode.swift; path = RepositoriesInteractor.swift; sourceTree = "<group>"; };
		DBBE0962B551B6302B0229F9 /* Pods-StarsOfGithub.release.xcconfig */ = {isa = PBXFileReference; includeInIndex = 1; lastKnownFileType = text.xcconfig; name = "Pods-StarsOfGithub.release.xcconfig"; path = "Target Support Files/Pods-StarsOfGithub/Pods-StarsOfGithub.release.xcconfig"; sourceTree = "<group>"; };
		F6C45820C3E373A7B685DE6B /* Pods-StarsOfGithub-StarsOfGithubUITests.debug.xcconfig */ = {isa = PBXFileReference; includeInIndex = 1; lastKnownFileType = text.xcconfig; name = "Pods-StarsOfGithub-StarsOfGithubUITests.debug.xcconfig"; path = "Target Support Files/Pods-StarsOfGithub-StarsOfGithubUITests/Pods-StarsOfGithub-StarsOfGithubUITests.debug.xcconfig"; sourceTree = "<group>"; };
/* End PBXFileReference section */

/* Begin PBXFrameworksBuildPhase section */
		B7BA828423870B6D00CDC0C9 /* Frameworks */ = {
			isa = PBXFrameworksBuildPhase;
			buildActionMask = 2147483647;
			files = (
				101560FA3764B29915941A9D /* Pods_StarsOfGithub.framework in Frameworks */,
			);
			runOnlyForDeploymentPostprocessing = 0;
		};
		B7BA829A23870B7100CDC0C9 /* Frameworks */ = {
			isa = PBXFrameworksBuildPhase;
			buildActionMask = 2147483647;
			files = (
				6D4910224D482345B4695D62 /* Pods_StarsOfGithubTests.framework in Frameworks */,
			);
			runOnlyForDeploymentPostprocessing = 0;
		};
		B7BA82A523870B7100CDC0C9 /* Frameworks */ = {
			isa = PBXFrameworksBuildPhase;
			buildActionMask = 2147483647;
			files = (
				4931CF609E8390757B791F78 /* Pods_StarsOfGithub_StarsOfGithubUITests.framework in Frameworks */,
			);
			runOnlyForDeploymentPostprocessing = 0;
		};
/* End PBXFrameworksBuildPhase section */

/* Begin PBXGroup section */
		52BE5BA36FB66CA9770F4B5E /* Frameworks */ = {
			isa = PBXGroup;
			children = (
				780E9A875D0C9AEAAA1CF286 /* Pods_StarsOfGithub.framework */,
				8EF8CF80BDF3CF97FFFF095D /* Pods_StarsOfGithub_StarsOfGithubUITests.framework */,
				2B7434FE1B7398761B649BF9 /* Pods_StarsOfGithubTests.framework */,
			);
			name = Frameworks;
			sourceTree = "<group>";
		};
		7A07851526323A27163355A4 /* Pods */ = {
			isa = PBXGroup;
			children = (
				126E8A65FBD76B3B1234065B /* Pods-StarsOfGithub.debug.xcconfig */,
				DBBE0962B551B6302B0229F9 /* Pods-StarsOfGithub.release.xcconfig */,
				F6C45820C3E373A7B685DE6B /* Pods-StarsOfGithub-StarsOfGithubUITests.debug.xcconfig */,
				688315AFCBF9BED6B133C93E /* Pods-StarsOfGithub-StarsOfGithubUITests.release.xcconfig */,
				9825159A7F5E84923C462007 /* Pods-StarsOfGithubTests.debug.xcconfig */,
				20E3F193A35CD21B06E117C7 /* Pods-StarsOfGithubTests.release.xcconfig */,
			);
			path = Pods;
			sourceTree = "<group>";
		};
		B7A62A5D238757B200BC7492 /* Utils */ = {
			isa = PBXGroup;
			children = (
				B7A62A5E238757CB00BC7492 /* Extensions */,
			);
			path = Utils;
			sourceTree = "<group>";
		};
		B7A62A5E238757CB00BC7492 /* Extensions */ = {
			isa = PBXGroup;
			children = (
				B7A62A5F238757D900BC7492 /* NSLayoutConstraint.swift */,
			);
			path = Extensions;
			sourceTree = "<group>";
		};
		B7BA827E23870B6C00CDC0C9 = {
			isa = PBXGroup;
			children = (
				B7BA828923870B6D00CDC0C9 /* StarsOfGithub */,
				B7BA82A023870B7100CDC0C9 /* StarsOfGithubTests */,
				B7BA82AB23870B7100CDC0C9 /* StarsOfGithubUITests */,
				B7BA828823870B6D00CDC0C9 /* Products */,
				7A07851526323A27163355A4 /* Pods */,
				52BE5BA36FB66CA9770F4B5E /* Frameworks */,
			);
			sourceTree = "<group>";
		};
		B7BA828823870B6D00CDC0C9 /* Products */ = {
			isa = PBXGroup;
			children = (
				B7BA828723870B6D00CDC0C9 /* StarsOfGithub.app */,
				B7BA829D23870B7100CDC0C9 /* StarsOfGithubTests.xctest */,
				B7BA82A823870B7100CDC0C9 /* StarsOfGithubUITests.xctest */,
			);
			name = Products;
			sourceTree = "<group>";
		};
		B7BA828923870B6D00CDC0C9 /* StarsOfGithub */ = {
			isa = PBXGroup;
			children = (
				B7A62A5D238757B200BC7492 /* Utils */,
				B7BA82BA23870B8A00CDC0C9 /* Scenes */,
				B7BA828A23870B6D00CDC0C9 /* AppDelegate.swift */,
				B7BA828C23870B6D00CDC0C9 /* SceneDelegate.swift */,
				B7BA829323870B7000CDC0C9 /* Assets.xcassets */,
				B7BA829823870B7000CDC0C9 /* Info.plist */,
			);
			path = StarsOfGithub;
			sourceTree = "<group>";
		};
		B7BA82A023870B7100CDC0C9 /* StarsOfGithubTests */ = {
			isa = PBXGroup;
			children = (
				B7BA82A123870B7100CDC0C9 /* StarsOfGithubTests.swift */,
				B7BA82A323870B7100CDC0C9 /* Info.plist */,
			);
			path = StarsOfGithubTests;
			sourceTree = "<group>";
		};
		B7BA82AB23870B7100CDC0C9 /* StarsOfGithubUITests */ = {
			isa = PBXGroup;
			children = (
				B7BA82AC23870B7100CDC0C9 /* StarsOfGithubUITests.swift */,
				B7BA82AE23870B7100CDC0C9 /* Info.plist */,
			);
			path = StarsOfGithubUITests;
			sourceTree = "<group>";
		};
		B7BA82BA23870B8A00CDC0C9 /* Scenes */ = {
			isa = PBXGroup;
			children = (
				B7BA82BB23870B9300CDC0C9 /* Repositories */,
			);
			path = Scenes;
			sourceTree = "<group>";
		};
		B7BA82BB23870B9300CDC0C9 /* Repositories */ = {
			isa = PBXGroup;
			children = (
				B7BA82D023870BEB00CDC0C9 /* Interactor */,
				B7BA82CD23870BD500CDC0C9 /* Models */,
				B7BA82CE23870BDF00CDC0C9 /* Presenter */,
				B7BA82D123870BF300CDC0C9 /* Router */,
				B7BA82D223870BFB00CDC0C9 /* Services */,
				B7BA82CF23870BE700CDC0C9 /* Views */,
				B7BA82CC23870BCC00CDC0C9 /* Worker */,
			);
			path = Repositories;
			sourceTree = "<group>";
		};
		B7BA82CC23870BCC00CDC0C9 /* Worker */ = {
			isa = PBXGroup;
			children = (
				B7BA82BE23870BC800CDC0C9 /* RepositoriesWorker.swift */,
			);
			path = Worker;
			sourceTree = "<group>";
		};
		B7BA82CD23870BD500CDC0C9 /* Models */ = {
			isa = PBXGroup;
			children = (
				B7BA82C023870BC800CDC0C9 /* RepositoriesModels.swift */,
			);
			path = Models;
			sourceTree = "<group>";
		};
		B7BA82CE23870BDF00CDC0C9 /* Presenter */ = {
			isa = PBXGroup;
			children = (
				B7BA82BD23870BC800CDC0C9 /* RepositoriesPresenter.swift */,
			);
			path = Presenter;
			sourceTree = "<group>";
		};
		B7BA82CF23870BE700CDC0C9 /* Views */ = {
			isa = PBXGroup;
			children = (
				B7BA82C123870BC800CDC0C9 /* RepositoriesViewController.swift */,
				B77A5CA2238736C3005C3DCC /* RepositoryTableViewCell.swift */,
			);
			path = Views;
			sourceTree = "<group>";
		};
		B7BA82D023870BEB00CDC0C9 /* Interactor */ = {
			isa = PBXGroup;
			children = (
				B7BA82C323870BC800CDC0C9 /* RepositoriesInteractor.swift */,
			);
			path = Interactor;
			sourceTree = "<group>";
		};
		B7BA82D123870BF300CDC0C9 /* Router */ = {
			isa = PBXGroup;
			children = (
				B7BA82BF23870BC800CDC0C9 /* RepositoriesRouter.swift */,
			);
			path = Router;
			sourceTree = "<group>";
		};
		B7BA82D223870BFB00CDC0C9 /* Services */ = {
			isa = PBXGroup;
			children = (
				B7BA82C223870BC800CDC0C9 /* RepositoriesAPI.swift */,
				B7BA82BC23870BC800CDC0C9 /* RepositoriesMemoryAPI.swift */,
			);
			path = Services;
			sourceTree = "<group>";
		};
/* End PBXGroup section */

/* Begin PBXNativeTarget section */
		B7BA828623870B6D00CDC0C9 /* StarsOfGithub */ = {
			isa = PBXNativeTarget;
			buildConfigurationList = B7BA82B123870B7100CDC0C9 /* Build configuration list for PBXNativeTarget "StarsOfGithub" */;
			buildPhases = (
				F6D67707F711B1CCC94E677E /* [CP] Check Pods Manifest.lock */,
				B7BA828323870B6D00CDC0C9 /* Sources */,
				B7BA828423870B6D00CDC0C9 /* Frameworks */,
				B7BA828523870B6D00CDC0C9 /* Resources */,
				E2D51BAFA79A260309D43B93 /* [CP] Embed Pods Frameworks */,
			);
			buildRules = (
			);
			dependencies = (
			);
			name = StarsOfGithub;
			productName = StarsOfGithub;
			productReference = B7BA828723870B6D00CDC0C9 /* StarsOfGithub.app */;
			productType = "com.apple.product-type.application";
		};
		B7BA829C23870B7100CDC0C9 /* StarsOfGithubTests */ = {
			isa = PBXNativeTarget;
			buildConfigurationList = B7BA82B423870B7100CDC0C9 /* Build configuration list for PBXNativeTarget "StarsOfGithubTests" */;
			buildPhases = (
				442ADA52FB6F5CF549AE7247 /* [CP] Check Pods Manifest.lock */,
				B7BA829923870B7100CDC0C9 /* Sources */,
				B7BA829A23870B7100CDC0C9 /* Frameworks */,
				B7BA829B23870B7100CDC0C9 /* Resources */,
			);
			buildRules = (
			);
			dependencies = (
				B7BA829F23870B7100CDC0C9 /* PBXTargetDependency */,
			);
			name = StarsOfGithubTests;
			productName = StarsOfGithubTests;
			productReference = B7BA829D23870B7100CDC0C9 /* StarsOfGithubTests.xctest */;
			productType = "com.apple.product-type.bundle.unit-test";
		};
		B7BA82A723870B7100CDC0C9 /* StarsOfGithubUITests */ = {
			isa = PBXNativeTarget;
			buildConfigurationList = B7BA82B723870B7100CDC0C9 /* Build configuration list for PBXNativeTarget "StarsOfGithubUITests" */;
			buildPhases = (
				97D371EE72DAB0295F9489F3 /* [CP] Check Pods Manifest.lock */,
				B7BA82A423870B7100CDC0C9 /* Sources */,
				B7BA82A523870B7100CDC0C9 /* Frameworks */,
				B7BA82A623870B7100CDC0C9 /* Resources */,
				E79E79F31EC0EB8533BC5CCD /* [CP] Embed Pods Frameworks */,
			);
			buildRules = (
			);
			dependencies = (
				B7BA82AA23870B7100CDC0C9 /* PBXTargetDependency */,
			);
			name = StarsOfGithubUITests;
			productName = StarsOfGithubUITests;
			productReference = B7BA82A823870B7100CDC0C9 /* StarsOfGithubUITests.xctest */;
			productType = "com.apple.product-type.bundle.ui-testing";
		};
/* End PBXNativeTarget section */

/* Begin PBXProject section */
		B7BA827F23870B6C00CDC0C9 /* Project object */ = {
			isa = PBXProject;
			attributes = {
				LastSwiftUpdateCheck = 1110;
				LastUpgradeCheck = 1110;
				ORGANIZATIONNAME = "Willian Pinho";
				TargetAttributes = {
					B7BA828623870B6D00CDC0C9 = {
						CreatedOnToolsVersion = 11.1;
					};
					B7BA829C23870B7100CDC0C9 = {
						CreatedOnToolsVersion = 11.1;
						TestTargetID = B7BA828623870B6D00CDC0C9;
					};
					B7BA82A723870B7100CDC0C9 = {
						CreatedOnToolsVersion = 11.1;
						TestTargetID = B7BA828623870B6D00CDC0C9;
					};
				};
			};
			buildConfigurationList = B7BA828223870B6C00CDC0C9 /* Build configuration list for PBXProject "StarsOfGithub" */;
			compatibilityVersion = "Xcode 9.3";
			developmentRegion = en;
			hasScannedForEncodings = 0;
			knownRegions = (
				en,
				Base,
			);
			mainGroup = B7BA827E23870B6C00CDC0C9;
			productRefGroup = B7BA828823870B6D00CDC0C9 /* Products */;
			projectDirPath = "";
			projectRoot = "";
			targets = (
				B7BA828623870B6D00CDC0C9 /* StarsOfGithub */,
				B7BA829C23870B7100CDC0C9 /* StarsOfGithubTests */,
				B7BA82A723870B7100CDC0C9 /* StarsOfGithubUITests */,
			);
		};
/* End PBXProject section */

/* Begin PBXResourcesBuildPhase section */
		B7BA828523870B6D00CDC0C9 /* Resources */ = {
			isa = PBXResourcesBuildPhase;
			buildActionMask = 2147483647;
			files = (
				B7BA829423870B7000CDC0C9 /* Assets.xcassets in Resources */,
			);
			runOnlyForDeploymentPostprocessing = 0;
		};
		B7BA829B23870B7100CDC0C9 /* Resources */ = {
			isa = PBXResourcesBuildPhase;
			buildActionMask = 2147483647;
			files = (
			);
			runOnlyForDeploymentPostprocessing = 0;
		};
		B7BA82A623870B7100CDC0C9 /* Resources */ = {
			isa = PBXResourcesBuildPhase;
			buildActionMask = 2147483647;
			files = (
			);
			runOnlyForDeploymentPostprocessing = 0;
		};
/* End PBXResourcesBuildPhase section */

/* Begin PBXShellScriptBuildPhase section */
		442ADA52FB6F5CF549AE7247 /* [CP] Check Pods Manifest.lock */ = {
			isa = PBXShellScriptBuildPhase;
			buildActionMask = 2147483647;
			files = (
			);
			inputFileListPaths = (
			);
			inputPaths = (
				"${PODS_PODFILE_DIR_PATH}/Podfile.lock",
				"${PODS_ROOT}/Manifest.lock",
			);
			name = "[CP] Check Pods Manifest.lock";
			outputFileListPaths = (
			);
			outputPaths = (
				"$(DERIVED_FILE_DIR)/Pods-StarsOfGithubTests-checkManifestLockResult.txt",
			);
			runOnlyForDeploymentPostprocessing = 0;
			shellPath = /bin/sh;
			shellScript = "diff \"${PODS_PODFILE_DIR_PATH}/Podfile.lock\" \"${PODS_ROOT}/Manifest.lock\" > /dev/null\nif [ $? != 0 ] ; then\n    # print error to STDERR\n    echo \"error: The sandbox is not in sync with the Podfile.lock. Run 'pod install' or update your CocoaPods installation.\" >&2\n    exit 1\nfi\n# This output is used by Xcode 'outputs' to avoid re-running this script phase.\necho \"SUCCESS\" > \"${SCRIPT_OUTPUT_FILE_0}\"\n";
			showEnvVarsInLog = 0;
		};
		97D371EE72DAB0295F9489F3 /* [CP] Check Pods Manifest.lock */ = {
			isa = PBXShellScriptBuildPhase;
			buildActionMask = 2147483647;
			files = (
			);
			inputFileListPaths = (
			);
			inputPaths = (
				"${PODS_PODFILE_DIR_PATH}/Podfile.lock",
				"${PODS_ROOT}/Manifest.lock",
			);
			name = "[CP] Check Pods Manifest.lock";
			outputFileListPaths = (
			);
			outputPaths = (
				"$(DERIVED_FILE_DIR)/Pods-StarsOfGithub-StarsOfGithubUITests-checkManifestLockResult.txt",
			);
			runOnlyForDeploymentPostprocessing = 0;
			shellPath = /bin/sh;
			shellScript = "diff \"${PODS_PODFILE_DIR_PATH}/Podfile.lock\" \"${PODS_ROOT}/Manifest.lock\" > /dev/null\nif [ $? != 0 ] ; then\n    # print error to STDERR\n    echo \"error: The sandbox is not in sync with the Podfile.lock. Run 'pod install' or update your CocoaPods installation.\" >&2\n    exit 1\nfi\n# This output is used by Xcode 'outputs' to avoid re-running this script phase.\necho \"SUCCESS\" > \"${SCRIPT_OUTPUT_FILE_0}\"\n";
			showEnvVarsInLog = 0;
		};
		E2D51BAFA79A260309D43B93 /* [CP] Embed Pods Frameworks */ = {
			isa = PBXShellScriptBuildPhase;
			buildActionMask = 2147483647;
			files = (
			);
			inputFileListPaths = (
				"${PODS_ROOT}/Target Support Files/Pods-StarsOfGithub/Pods-StarsOfGithub-frameworks-${CONFIGURATION}-input-files.xcfilelist",
			);
			name = "[CP] Embed Pods Frameworks";
			outputFileListPaths = (
				"${PODS_ROOT}/Target Support Files/Pods-StarsOfGithub/Pods-StarsOfGithub-frameworks-${CONFIGURATION}-output-files.xcfilelist",
			);
			runOnlyForDeploymentPostprocessing = 0;
			shellPath = /bin/sh;
			shellScript = "\"${PODS_ROOT}/Target Support Files/Pods-StarsOfGithub/Pods-StarsOfGithub-frameworks.sh\"\n";
			showEnvVarsInLog = 0;
		};
		E79E79F31EC0EB8533BC5CCD /* [CP] Embed Pods Frameworks */ = {
			isa = PBXShellScriptBuildPhase;
			buildActionMask = 2147483647;
			files = (
			);
			inputFileListPaths = (
				"${PODS_ROOT}/Target Support Files/Pods-StarsOfGithub-StarsOfGithubUITests/Pods-StarsOfGithub-StarsOfGithubUITests-frameworks-${CONFIGURATION}-input-files.xcfilelist",
			);
			name = "[CP] Embed Pods Frameworks";
			outputFileListPaths = (
				"${PODS_ROOT}/Target Support Files/Pods-StarsOfGithub-StarsOfGithubUITests/Pods-StarsOfGithub-StarsOfGithubUITests-frameworks-${CONFIGURATION}-output-files.xcfilelist",
			);
			runOnlyForDeploymentPostprocessing = 0;
			shellPath = /bin/sh;
			shellScript = "\"${PODS_ROOT}/Target Support Files/Pods-StarsOfGithub-StarsOfGithubUITests/Pods-StarsOfGithub-StarsOfGithubUITests-frameworks.sh\"\n";
			showEnvVarsInLog = 0;
		};
		F6D67707F711B1CCC94E677E /* [CP] Check Pods Manifest.lock */ = {
			isa = PBXShellScriptBuildPhase;
			buildActionMask = 2147483647;
			files = (
			);
			inputFileListPaths = (
			);
			inputPaths = (
				"${PODS_PODFILE_DIR_PATH}/Podfile.lock",
				"${PODS_ROOT}/Manifest.lock",
			);
			name = "[CP] Check Pods Manifest.lock";
			outputFileListPaths = (
			);
			outputPaths = (
				"$(DERIVED_FILE_DIR)/Pods-StarsOfGithub-checkManifestLockResult.txt",
			);
			runOnlyForDeploymentPostprocessing = 0;
			shellPath = /bin/sh;
			shellScript = "diff \"${PODS_PODFILE_DIR_PATH}/Podfile.lock\" \"${PODS_ROOT}/Manifest.lock\" > /dev/null\nif [ $? != 0 ] ; then\n    # print error to STDERR\n    echo \"error: The sandbox is not in sync with the Podfile.lock. Run 'pod install' or update your CocoaPods installation.\" >&2\n    exit 1\nfi\n# This output is used by Xcode 'outputs' to avoid re-running this script phase.\necho \"SUCCESS\" > \"${SCRIPT_OUTPUT_FILE_0}\"\n";
			showEnvVarsInLog = 0;
		};
/* End PBXShellScriptBuildPhase section */

/* Begin PBXSourcesBuildPhase section */
		B7BA828323870B6D00CDC0C9 /* Sources */ = {
			isa = PBXSourcesBuildPhase;
			buildActionMask = 2147483647;
			files = (
				B7BA82CB23870BC800CDC0C9 /* RepositoriesInteractor.swift in Sources */,
				B7BA82C423870BC800CDC0C9 /* RepositoriesMemoryAPI.swift in Sources */,
				B7BA82C723870BC800CDC0C9 /* RepositoriesRouter.swift in Sources */,
				B7BA828B23870B6D00CDC0C9 /* AppDelegate.swift in Sources */,
				B7BA82CA23870BC800CDC0C9 /* RepositoriesAPI.swift in Sources */,
				B7BA82C923870BC800CDC0C9 /* RepositoriesViewController.swift in Sources */,
				B77A5CA3238736C4005C3DCC /* RepositoryTableViewCell.swift in Sources */,
				B7A62A60238757D900BC7492 /* NSLayoutConstraint.swift in Sources */,
				B7BA828D23870B6D00CDC0C9 /* SceneDelegate.swift in Sources */,
				B7BA82C523870BC800CDC0C9 /* RepositoriesPresenter.swift in Sources */,
				B7BA82C623870BC800CDC0C9 /* RepositoriesWorker.swift in Sources */,
				B7BA82C823870BC800CDC0C9 /* RepositoriesModels.swift in Sources */,
			);
			runOnlyForDeploymentPostprocessing = 0;
		};
		B7BA829923870B7100CDC0C9 /* Sources */ = {
			isa = PBXSourcesBuildPhase;
			buildActionMask = 2147483647;
			files = (
				B7BA82A223870B7100CDC0C9 /* StarsOfGithubTests.swift in Sources */,
			);
			runOnlyForDeploymentPostprocessing = 0;
		};
		B7BA82A423870B7100CDC0C9 /* Sources */ = {
			isa = PBXSourcesBuildPhase;
			buildActionMask = 2147483647;
			files = (
				B7BA82AD23870B7100CDC0C9 /* StarsOfGithubUITests.swift in Sources */,
			);
			runOnlyForDeploymentPostprocessing = 0;
		};
/* End PBXSourcesBuildPhase section */

/* Begin PBXTargetDependency section */
		B7BA829F23870B7100CDC0C9 /* PBXTargetDependency */ = {
			isa = PBXTargetDependency;
			target = B7BA828623870B6D00CDC0C9 /* StarsOfGithub */;
			targetProxy = B7BA829E23870B7100CDC0C9 /* PBXContainerItemProxy */;
		};
		B7BA82AA23870B7100CDC0C9 /* PBXTargetDependency */ = {
			isa = PBXTargetDependency;
			target = B7BA828623870B6D00CDC0C9 /* StarsOfGithub */;
			targetProxy = B7BA82A923870B7100CDC0C9 /* PBXContainerItemProxy */;
		};
/* End PBXTargetDependency section */

/* Begin XCBuildConfiguration section */
		B7BA82AF23870B7100CDC0C9 /* Debug */ = {
			isa = XCBuildConfiguration;
			buildSettings = {
				ALWAYS_SEARCH_USER_PATHS = NO;
				CLANG_ANALYZER_NONNULL = YES;
				CLANG_ANALYZER_NUMBER_OBJECT_CONVERSION = YES_AGGRESSIVE;
				CLANG_CXX_LANGUAGE_STANDARD = "gnu++14";
				CLANG_CXX_LIBRARY = "libc++";
				CLANG_ENABLE_MODULES = YES;
				CLANG_ENABLE_OBJC_ARC = YES;
				CLANG_ENABLE_OBJC_WEAK = YES;
				CLANG_WARN_BLOCK_CAPTURE_AUTORELEASING = YES;
				CLANG_WARN_BOOL_CONVERSION = YES;
				CLANG_WARN_COMMA = YES;
				CLANG_WARN_CONSTANT_CONVERSION = YES;
				CLANG_WARN_DEPRECATED_OBJC_IMPLEMENTATIONS = YES;
				CLANG_WARN_DIRECT_OBJC_ISA_USAGE = YES_ERROR;
				CLANG_WARN_DOCUMENTATION_COMMENTS = YES;
				CLANG_WARN_EMPTY_BODY = YES;
				CLANG_WARN_ENUM_CONVERSION = YES;
				CLANG_WARN_INFINITE_RECURSION = YES;
				CLANG_WARN_INT_CONVERSION = YES;
				CLANG_WARN_NON_LITERAL_NULL_CONVERSION = YES;
				CLANG_WARN_OBJC_IMPLICIT_RETAIN_SELF = YES;
				CLANG_WARN_OBJC_LITERAL_CONVERSION = YES;
				CLANG_WARN_OBJC_ROOT_CLASS = YES_ERROR;
				CLANG_WARN_RANGE_LOOP_ANALYSIS = YES;
				CLANG_WARN_STRICT_PROTOTYPES = YES;
				CLANG_WARN_SUSPICIOUS_MOVE = YES;
				CLANG_WARN_UNGUARDED_AVAILABILITY = YES_AGGRESSIVE;
				CLANG_WARN_UNREACHABLE_CODE = YES;
				CLANG_WARN__DUPLICATE_METHOD_MATCH = YES;
				COPY_PHASE_STRIP = NO;
				DEBUG_INFORMATION_FORMAT = dwarf;
				ENABLE_STRICT_OBJC_MSGSEND = YES;
				ENABLE_TESTABILITY = YES;
				GCC_C_LANGUAGE_STANDARD = gnu11;
				GCC_DYNAMIC_NO_PIC = NO;
				GCC_NO_COMMON_BLOCKS = YES;
				GCC_OPTIMIZATION_LEVEL = 0;
				GCC_PREPROCESSOR_DEFINITIONS = (
					"DEBUG=1",
					"$(inherited)",
				);
				GCC_WARN_64_TO_32_BIT_CONVERSION = YES;
				GCC_WARN_ABOUT_RETURN_TYPE = YES_ERROR;
				GCC_WARN_UNDECLARED_SELECTOR = YES;
				GCC_WARN_UNINITIALIZED_AUTOS = YES_AGGRESSIVE;
				GCC_WARN_UNUSED_FUNCTION = YES;
				GCC_WARN_UNUSED_VARIABLE = YES;
				IPHONEOS_DEPLOYMENT_TARGET = 13.1;
				MTL_ENABLE_DEBUG_INFO = INCLUDE_SOURCE;
				MTL_FAST_MATH = YES;
				ONLY_ACTIVE_ARCH = YES;
				SDKROOT = iphoneos;
				SWIFT_ACTIVE_COMPILATION_CONDITIONS = DEBUG;
				SWIFT_OPTIMIZATION_LEVEL = "-Onone";
			};
			name = Debug;
		};
		B7BA82B023870B7100CDC0C9 /* Release */ = {
			isa = XCBuildConfiguration;
			buildSettings = {
				ALWAYS_SEARCH_USER_PATHS = NO;
				CLANG_ANALYZER_NONNULL = YES;
				CLANG_ANALYZER_NUMBER_OBJECT_CONVERSION = YES_AGGRESSIVE;
				CLANG_CXX_LANGUAGE_STANDARD = "gnu++14";
				CLANG_CXX_LIBRARY = "libc++";
				CLANG_ENABLE_MODULES = YES;
				CLANG_ENABLE_OBJC_ARC = YES;
				CLANG_ENABLE_OBJC_WEAK = YES;
				CLANG_WARN_BLOCK_CAPTURE_AUTORELEASING = YES;
				CLANG_WARN_BOOL_CONVERSION = YES;
				CLANG_WARN_COMMA = YES;
				CLANG_WARN_CONSTANT_CONVERSION = YES;
				CLANG_WARN_DEPRECATED_OBJC_IMPLEMENTATIONS = YES;
				CLANG_WARN_DIRECT_OBJC_ISA_USAGE = YES_ERROR;
				CLANG_WARN_DOCUMENTATION_COMMENTS = YES;
				CLANG_WARN_EMPTY_BODY = YES;
				CLANG_WARN_ENUM_CONVERSION = YES;
				CLANG_WARN_INFINITE_RECURSION = YES;
				CLANG_WARN_INT_CONVERSION = YES;
				CLANG_WARN_NON_LITERAL_NULL_CONVERSION = YES;
				CLANG_WARN_OBJC_IMPLICIT_RETAIN_SELF = YES;
				CLANG_WARN_OBJC_LITERAL_CONVERSION = YES;
				CLANG_WARN_OBJC_ROOT_CLASS = YES_ERROR;
				CLANG_WARN_RANGE_LOOP_ANALYSIS = YES;
				CLANG_WARN_STRICT_PROTOTYPES = YES;
				CLANG_WARN_SUSPICIOUS_MOVE = YES;
				CLANG_WARN_UNGUARDED_AVAILABILITY = YES_AGGRESSIVE;
				CLANG_WARN_UNREACHABLE_CODE = YES;
				CLANG_WARN__DUPLICATE_METHOD_MATCH = YES;
				COPY_PHASE_STRIP = NO;
				DEBUG_INFORMATION_FORMAT = "dwarf-with-dsym";
				ENABLE_NS_ASSERTIONS = NO;
				ENABLE_STRICT_OBJC_MSGSEND = YES;
				GCC_C_LANGUAGE_STANDARD = gnu11;
				GCC_NO_COMMON_BLOCKS = YES;
				GCC_WARN_64_TO_32_BIT_CONVERSION = YES;
				GCC_WARN_ABOUT_RETURN_TYPE = YES_ERROR;
				GCC_WARN_UNDECLARED_SELECTOR = YES;
				GCC_WARN_UNINITIALIZED_AUTOS = YES_AGGRESSIVE;
				GCC_WARN_UNUSED_FUNCTION = YES;
				GCC_WARN_UNUSED_VARIABLE = YES;
				IPHONEOS_DEPLOYMENT_TARGET = 13.1;
				MTL_ENABLE_DEBUG_INFO = NO;
				MTL_FAST_MATH = YES;
				SDKROOT = iphoneos;
				SWIFT_COMPILATION_MODE = wholemodule;
				SWIFT_OPTIMIZATION_LEVEL = "-O";
				VALIDATE_PRODUCT = YES;
			};
			name = Release;
		};
		B7BA82B223870B7100CDC0C9 /* Debug */ = {
			isa = XCBuildConfiguration;
			baseConfigurationReference = 126E8A65FBD76B3B1234065B /* Pods-StarsOfGithub.debug.xcconfig */;
			buildSettings = {
				ASSETCATALOG_COMPILER_APPICON_NAME = AppIcon;
				CODE_SIGN_STYLE = Automatic;
				DEVELOPMENT_TEAM = UT4W7MMEML;
				INFOPLIST_FILE = StarsOfGithub/Info.plist;
				LD_RUNPATH_SEARCH_PATHS = (
					"$(inherited)",
					"@executable_path/Frameworks",
				);
				PRODUCT_BUNDLE_IDENTIFIER = com.willianpinho.StarsOfGithub;
				PRODUCT_NAME = "$(TARGET_NAME)";
				SWIFT_VERSION = 5.0;
				TARGETED_DEVICE_FAMILY = "1,2";
			};
			name = Debug;
		};
		B7BA82B323870B7100CDC0C9 /* Release */ = {
			isa = XCBuildConfiguration;
			baseConfigurationReference = DBBE0962B551B6302B0229F9 /* Pods-StarsOfGithub.release.xcconfig */;
			buildSettings = {
				ASSETCATALOG_COMPILER_APPICON_NAME = AppIcon;
				CODE_SIGN_STYLE = Automatic;
				DEVELOPMENT_TEAM = UT4W7MMEML;
				INFOPLIST_FILE = StarsOfGithub/Info.plist;
				LD_RUNPATH_SEARCH_PATHS = (
					"$(inherited)",
					"@executable_path/Frameworks",
				);
				PRODUCT_BUNDLE_IDENTIFIER = com.willianpinho.StarsOfGithub;
				PRODUCT_NAME = "$(TARGET_NAME)";
				SWIFT_VERSION = 5.0;
				TARGETED_DEVICE_FAMILY = "1,2";
			};
			name = Release;
		};
		B7BA82B523870B7100CDC0C9 /* Debug */ = {
			isa = XCBuildConfiguration;
			baseConfigurationReference = 9825159A7F5E84923C462007 /* Pods-StarsOfGithubTests.debug.xcconfig */;
			buildSettings = {
				ALWAYS_EMBED_SWIFT_STANDARD_LIBRARIES = YES;
				BUNDLE_LOADER = "$(TEST_HOST)";
				CODE_SIGN_STYLE = Automatic;
				DEVELOPMENT_TEAM = UT4W7MMEML;
				INFOPLIST_FILE = StarsOfGithubTests/Info.plist;
				IPHONEOS_DEPLOYMENT_TARGET = 13.1;
				LD_RUNPATH_SEARCH_PATHS = (
					"$(inherited)",
					"@executable_path/Frameworks",
					"@loader_path/Frameworks",
				);
				PRODUCT_BUNDLE_IDENTIFIER = com.willianpinho.StarsOfGithubTests;
				PRODUCT_NAME = "$(TARGET_NAME)";
				SWIFT_VERSION = 5.0;
				TARGETED_DEVICE_FAMILY = "1,2";
				TEST_HOST = "$(BUILT_PRODUCTS_DIR)/StarsOfGithub.app/StarsOfGithub";
			};
			name = Debug;
		};
		B7BA82B623870B7100CDC0C9 /* Release */ = {
			isa = XCBuildConfiguration;
			baseConfigurationReference = 20E3F193A35CD21B06E117C7 /* Pods-StarsOfGithubTests.release.xcconfig */;
			buildSettings = {
				ALWAYS_EMBED_SWIFT_STANDARD_LIBRARIES = YES;
				BUNDLE_LOADER = "$(TEST_HOST)";
				CODE_SIGN_STYLE = Automatic;
				DEVELOPMENT_TEAM = UT4W7MMEML;
				INFOPLIST_FILE = StarsOfGithubTests/Info.plist;
				IPHONEOS_DEPLOYMENT_TARGET = 13.1;
				LD_RUNPATH_SEARCH_PATHS = (
					"$(inherited)",
					"@executable_path/Frameworks",
					"@loader_path/Frameworks",
				);
				PRODUCT_BUNDLE_IDENTIFIER = com.willianpinho.StarsOfGithubTests;
				PRODUCT_NAME = "$(TARGET_NAME)";
				SWIFT_VERSION = 5.0;
				TARGETED_DEVICE_FAMILY = "1,2";
				TEST_HOST = "$(BUILT_PRODUCTS_DIR)/StarsOfGithub.app/StarsOfGithub";
			};
			name = Release;
		};
		B7BA82B823870B7100CDC0C9 /* Debug */ = {
			isa = XCBuildConfiguration;
			baseConfigurationReference = F6C45820C3E373A7B685DE6B /* Pods-StarsOfGithub-StarsOfGithubUITests.debug.xcconfig */;
			buildSettings = {
				ALWAYS_EMBED_SWIFT_STANDARD_LIBRARIES = YES;
				CODE_SIGN_STYLE = Automatic;
				DEVELOPMENT_TEAM = UT4W7MMEML;
				INFOPLIST_FILE = StarsOfGithubUITests/Info.plist;
				LD_RUNPATH_SEARCH_PATHS = (
					"$(inherited)",
					"@executable_path/Frameworks",
					"@loader_path/Frameworks",
				);
				PRODUCT_BUNDLE_IDENTIFIER = com.willianpinho.StarsOfGithubUITests;
				PRODUCT_NAME = "$(TARGET_NAME)";
				SWIFT_VERSION = 5.0;
				TARGETED_DEVICE_FAMILY = "1,2";
				TEST_TARGET_NAME = StarsOfGithub;
			};
			name = Debug;
		};
		B7BA82B923870B7100CDC0C9 /* Release */ = {
			isa = XCBuildConfiguration;
			baseConfigurationReference = 688315AFCBF9BED6B133C93E /* Pods-StarsOfGithub-StarsOfGithubUITests.release.xcconfig */;
			buildSettings = {
				ALWAYS_EMBED_SWIFT_STANDARD_LIBRARIES = YES;
				CODE_SIGN_STYLE = Automatic;
				DEVELOPMENT_TEAM = UT4W7MMEML;
				INFOPLIST_FILE = StarsOfGithubUITests/Info.plist;
				LD_RUNPATH_SEARCH_PATHS = (
					"$(inherited)",
					"@executable_path/Frameworks",
					"@loader_path/Frameworks",
				);
				PRODUCT_BUNDLE_IDENTIFIER = com.willianpinho.StarsOfGithubUITests;
				PRODUCT_NAME = "$(TARGET_NAME)";
				SWIFT_VERSION = 5.0;
				TARGETED_DEVICE_FAMILY = "1,2";
				TEST_TARGET_NAME = StarsOfGithub;
			};
			name = Release;
		};
/* End XCBuildConfiguration section */

/* Begin XCConfigurationList section */
		B7BA828223870B6C00CDC0C9 /* Build configuration list for PBXProject "StarsOfGithub" */ = {
			isa = XCConfigurationList;
			buildConfigurations = (
				B7BA82AF23870B7100CDC0C9 /* Debug */,
				B7BA82B023870B7100CDC0C9 /* Release */,
			);
			defaultConfigurationIsVisible = 0;
			defaultConfigurationName = Release;
		};
		B7BA82B123870B7100CDC0C9 /* Build configuration list for PBXNativeTarget "StarsOfGithub" */ = {
			isa = XCConfigurationList;
			buildConfigurations = (
				B7BA82B223870B7100CDC0C9 /* Debug */,
				B7BA82B323870B7100CDC0C9 /* Release */,
			);
			defaultConfigurationIsVisible = 0;
			defaultConfigurationName = Release;
		};
		B7BA82B423870B7100CDC0C9 /* Build configuration list for PBXNativeTarget "StarsOfGithubTests" */ = {
			isa = XCConfigurationList;
			buildConfigurations = (
				B7BA82B523870B7100CDC0C9 /* Debug */,
				B7BA82B623870B7100CDC0C9 /* Release */,
			);
			defaultConfigurationIsVisible = 0;
			defaultConfigurationName = Release;
		};
		B7BA82B723870B7100CDC0C9 /* Build configuration list for PBXNativeTarget "StarsOfGithubUITests" */ = {
			isa = XCConfigurationList;
			buildConfigurations = (
				B7BA82B823870B7100CDC0C9 /* Debug */,
				B7BA82B923870B7100CDC0C9 /* Release */,
			);
			defaultConfigurationIsVisible = 0;
			defaultConfigurationName = Release;
		};
/* End XCConfigurationList section */
	};
	rootObject = B7BA827F23870B6C00CDC0C9 /* Project object */;
}
